
Microsoft Visual Studio Solution File, Format Version 12.00
# Visual Studio Version 17
VisualStudioVersion = 17.7.34202.233
MinimumVisualStudioVersion = 10.0.40219.1
Project("{9A19103F-16F7-4668-BE54-9A1E7A4F7556}") = "Empire", "Empire.csproj", "{9E7B4844-3CE9-4E59-A3E5-7C9640BD3F9A}"
EndProject
Global
	GlobalSection(SolutionConfigurationPlatforms) = preSolution
		Debug|Any CPU = Debug|Any CPU
		Release|Any CPU = Release|Any CPU
	EndGlobalSection
	GlobalSection(ProjectConfigurationPlatforms) = postSolution
		{9E7B4844-3CE9-4E59-A3E5-7C9640BD3F9A}.Debug|Any CPU.ActiveCfg = Debug|Any CPU
		{9E7B4844-3CE9-4E59-A3E5-7C9640BD3F9A}.Debug|Any CPU.Build.0 = Debug|Any CPU
		{9E7B4844-3CE9-4E59-A3E5-7C9640BD3F9A}.Release|Any CPU.ActiveCfg = Release|Any CPU
		{9E7B4844-3CE9-4E59-A3E5-7C9640BD3F9A}.Release|Any CPU.Build.0 = Release|Any CPU
	EndGlobalSection
	GlobalSection(SolutionProperties) = preSolution
		HideSolutionNode = FALSE
	EndGlobalSection
	GlobalSection(ExtensibilityGlobals) = postSolution
		SolutionGuid = {AB994AB5-2525-4818-98B5-FD933CAC70BA}
	EndGlobalSection
EndGlobal
